# THIS IS AN AUTOGENERATED FILE. DO NOT EDIT THIS FILE DIRECTLY.
# yarn lockfile v1


cluster@^0.7.7:
  version "0.7.7"
  resolved "https://registry.npm.taobao.org/cluster/download/cluster-0.7.7.tgz#e497e267cc956bd0b0513adb4aa393357d0085ef"
  integrity sha1-5JfiZ8yVa9CwUTrbSqOTNX0Ahe8=
  dependencies:
    log ">= 1.2.0"
    mkdirp ">= 0.0.1"

d@1, d@^1.0.0, d@^1.0.1:
  version "1.0.1"
  resolved "https://registry.npm.taobao.org/d/download/d-1.0.1.tgz#8698095372d58dbee346ffd0c7093f99f8f9eb5a"
  integrity sha1-hpgJU3LVjb7jRv/Qxwk/mfj561o=
  dependencies:
    es5-ext "^0.10.50"
    type "^1.0.1"

duration@^0.2.2:
  version "0.2.2"
  resolved "https://registry.npm.taobao.org/duration/download/duration-0.2.2.tgz#ddf149bc3bc6901150fe9017111d016b3357f529"
  integrity sha1-3fFJvDvGkBFQ/pAXER0BazNX9Sk=
  dependencies:
    d "1"
    es5-ext "~0.10.46"

es5-ext@^0.10.35, es5-ext@^0.10.46, es5-ext@^0.10.49, es5-ext@^0.10.50, es5-ext@~0.10.14, es5-ext@~0.10.46:
  version "0.10.53"
  resolved "https://registry.npm.taobao.org/es5-ext/download/es5-ext-0.10.53.tgz#93c5a3acfdbef275220ad72644ad02ee18368de1"
  integrity sha1-k8WjrP2+8nUiCtcmRK0C7hg2jeE=
  dependencies:
    es6-iterator "~2.0.3"
    es6-symbol "~3.1.3"
    next-tick "~1.0.0"

es6-iterator@~2.0.3:
  version "2.0.3"
  resolved "https://registry.npm.taobao.org/es6-iterator/download/es6-iterator-2.0.3.tgz#a7de889141a05a94b0854403b2d0a0fbfa98f3b7"
  integrity sha1-p96IkUGgWpSwhUQDstCg+/qY87c=
  dependencies:
    d "1"
    es5-ext "^0.10.35"
    es6-symbol "^3.1.1"

es6-symbol@^3.1.1, es6-symbol@~3.1.3:
  version "3.1.3"
  resolved "https://registry.npm.taobao.org/es6-symbol/download/es6-symbol-3.1.3.tgz#bad5d3c1bcdac28269f4cb331e431c78ac705d18"
  integrity sha1-utXTwbzawoJp9MszHkMceKxwXRg=
  dependencies:
    d "^1.0.1"
    ext "^1.1.2"

event-emitter@^0.3.5:
  version "0.3.5"
  resolved "https://registry.npm.taobao.org/event-emitter/download/event-emitter-0.3.5.tgz#df8c69eef1647923c7157b9ce83840610b02cc39"
  integrity sha1-34xp7vFkeSPHFXuc6DhAYQsCzDk=
  dependencies:
    d "1"
    es5-ext "~0.10.14"

ext@^1.1.2:
  version "1.4.0"
  resolved "https://registry.npm.taobao.org/ext/download/ext-1.4.0.tgz#89ae7a07158f79d35517882904324077e4379244"
  integrity sha1-ia56BxWPedNVF4gpBDJAd+Q3kkQ=
  dependencies:
    type "^2.0.0"

http@^0.0.1-security:
  version "0.0.1-security"
  resolved "https://registry.npm.taobao.org/http/download/http-0.0.1-security.tgz#3aac09129d12dc2747bbce4157afde20ad1f7995"
  integrity sha1-OqwJEp0S3CdHu85BV6/eIK0feZU=

"log@>= 1.2.0":
  version "6.0.0"
  resolved "https://registry.npm.taobao.org/log/download/log-6.0.0.tgz#1e8e655f0389148e729d9ddd6d3bcbe8b93b8d21"
  integrity sha1-Ho5lXwOJFI5ynZ3dbTvL6Lk7jSE=
  dependencies:
    d "^1.0.0"
    duration "^0.2.2"
    es5-ext "^0.10.49"
    event-emitter "^0.3.5"
    sprintf-kit "^2.0.0"
    type "^1.0.1"

"mkdirp@>= 0.0.1":
  version "1.0.4"
  resolved "https://registry.npm.taobao.org/mkdirp/download/mkdirp-1.0.4.tgz#3eb5ed62622756d79a5f0e2a221dfebad75c2f7e"
  integrity sha1-PrXtYmInVteaXw4qIh3+utdcL34=

next-tick@~1.0.0:
  version "1.0.0"
  resolved "https://registry.npm.taobao.org/next-tick/download/next-tick-1.0.0.tgz#ca86d1fe8828169b0120208e3dc8424b9db8342c"
  integrity sha1-yobR/ogoFpsBICCOPchCS524NCw=

os@^0.1.1:
  version "0.1.1"
  resolved "https://registry.npm.taobao.org/os/download/os-0.1.1.tgz#208845e89e193ad4d971474b93947736a56d13f3"
  integrity sha1-IIhF6J4ZOtTZcUdLk5R3NqVtE/M=

sprintf-kit@^2.0.0:
  version "2.0.0"
  resolved "https://registry.npm.taobao.org/sprintf-kit/download/sprintf-kit-2.0.0.tgz#47499d636e9cc68f2f921d30eb4f0b911a2d7835"
  integrity sha1-R0mdY26cxo8vkh0w608LkRoteDU=
  dependencies:
    es5-ext "^0.10.46"

type@^1.0.1:
  version "1.2.0"
  resolved "https://registry.npm.taobao.org/type/download/type-1.2.0.tgz?cache=0&sync_timestamp=1598016600310&other_urls=https%3A%2F%2Fregistry.npm.taobao.org%2Ftype%2Fdownload%2Ftype-1.2.0.tgz#848dd7698dafa3e54a6c479e759c4bc3f18847a0"
  integrity sha1-hI3XaY2vo+VKbEeedZxLw/GIR6A=

type@^2.0.0:
  version "2.1.0"
  resolved "https://registry.npm.taobao.org/type/download/type-2.1.0.tgz?cache=0&sync_timestamp=1598016600310&other_urls=https%3A%2F%2Fregistry.npm.taobao.org%2Ftype%2Fdownload%2Ftype-2.1.0.tgz#9bdc22c648cf8cf86dd23d32336a41cfb6475e3f"
  integrity sha1-m9wixkjPjPht0j0yM2pBz7ZHXj8=
