# THIS IS AN AUTOGENERATED FILE. DO NOT EDIT THIS FILE DIRECTLY.
# yarn lockfile v1


web-vitals@^1.0.1:
  version "1.0.1"
  resolved "https://registry.npm.taobao.org/web-vitals/download/web-vitals-1.0.1.tgz?cache=0&sync_timestamp=1605587236792&other_urls=https%3A%2F%2Fregistry.npm.taobao.org%2Fweb-vitals%2Fdownload%2Fweb-vitals-1.0.1.tgz#025a7ffd9d8f5e4a030e3aee6061dcb38a4b6654"
  integrity sha1-Alp//Z2PXkoDDjruYGHcs4pLZlQ=
